// !$*UTF8*$!
{
	archiveVersion = 1;
	classes = {
	};
	objectVersion = 55;
	objects = {

/* Begin PBXBuildFile section */
		AB2BBCD3285A0C4400A50664 /* GoogleService-Info.plist in Resources */ = {isa = PBXBuildFile; fileRef = AB2BBCD2285A0C4300A50664 /* GoogleService-Info.plist */; };
		ABEAC227284A492F00C50FD4 /* iStockeryApp.swift in Sources */ = {isa = PBXBuildFile; fileRef = ABEAC226284A492F00C50FD4 /* iStockeryApp.swift */; };
		ABEAC229284A492F00C50FD4 /* ContentView.swift in Sources */ = {isa = PBXBuildFile; fileRef = ABEAC228284A492F00C50FD4 /* ContentView.swift */; };
		ABEAC22B284A493000C50FD4 /* Assets.xcassets in Resources */ = {isa = PBXBuildFile; fileRef = ABEAC22A284A493000C50FD4 /* Assets.xcassets */; };
		ABEAC22E284A493000C50FD4 /* Preview Assets.xcassets in Resources */ = {isa = PBXBuildFile; fileRef = ABEAC22D284A493000C50FD4 /* Preview Assets.xcassets */; };
		ABEAC238284A4B7700C50FD4 /* FirebaseFirestore in Frameworks */ = {isa = PBXBuildFile; productRef = ABEAC237284A4B7700C50FD4 /* FirebaseFirestore */; };
		ABEAC23A284A4B7700C50FD4 /* FirebaseFirestoreSwift in Frameworks */ = {isa = PBXBuildFile; productRef = ABEAC239284A4B7700C50FD4 /* FirebaseFirestoreSwift */; };
		ABEAC23F284A50CD00C50FD4 /* StockItem.swift in Sources */ = {isa = PBXBuildFile; fileRef = ABEAC23E284A50CD00C50FD4 /* StockItem.swift */; };
		ABEAC241284A5EB400C50FD4 /* StockListViewModel.swift in Sources */ = {isa = PBXBuildFile; fileRef = ABEAC240284A5EB400C50FD4 /* StockListViewModel.swift */; };
		ABEAC243284A610F00C50FD4 /* SortType.swift in Sources */ = {isa = PBXBuildFile; fileRef = ABEAC242284A610F00C50FD4 /* SortType.swift */; };
/* End PBXBuildFile section */

/* Begin PBXFileReference section */
		AB2BBCD2285A0C4300A50664 /* GoogleService-Info.plist */ = {isa = PBXFileReference; fileEncoding = 4; lastKnownFileType = text.plist.xml; path = "GoogleService-Info.plist"; sourceTree = "<group>"; };
		ABEAC223284A492F00C50FD4 /* iStockery.app */ = {isa = PBXFileReference; explicitFileType = wrapper.application; includeInIndex = 0; path = iStockery.app; sourceTree = BUILT_PRODUCTS_DIR; };
		ABEAC226284A492F00C50FD4 /* iStockeryApp.swift */ = {isa = PBXFileReference; lastKnownFileType = sourcecode.swift; path = iStockeryApp.swift; sourceTree = "<group>"; };
		ABEAC228284A492F00C50FD4 /* ContentView.swift */ = {isa = PBXFileReference; lastKnownFileType = sourcecode.swift; path = ContentView.swift; sourceTree = "<group>"; };
		ABEAC22A284A493000C50FD4 /* Assets.xcassets */ = {isa = PBXFileReference; lastKnownFileType = folder.assetcatalog; path = Assets.xcassets; sourceTree = "<group>"; };
		ABEAC22D284A493000C50FD4 /* Preview Assets.xcassets */ = {isa = PBXFileReference; lastKnownFileType = folder.assetcatalog; path = "Preview Assets.xcassets"; sourceTree = "<group>"; };
		ABEAC23B284A4EBB00C50FD4 /* Info.plist */ = {isa = PBXFileReference; lastKnownFileType = text.plist; path = Info.plist; sourceTree = "<group>"; };
		ABEAC23E284A50CD00C50FD4 /* StockItem.swift */ = {isa = PBXFileReference; lastKnownFileType = sourcecode.swift; path = StockItem.swift; sourceTree = "<group>"; };
		ABEAC240284A5EB400C50FD4 /* StockListViewModel.swift */ = {isa = PBXFileReference; lastKnownFileType = sourcecode.swift; path = StockListViewModel.swift; sourceTree = "<group>"; };
		ABEAC242284A610F00C50FD4 /* SortType.swift */ = {isa = PBXFileReference; lastKnownFileType = sourcecode.swift; path = SortType.swift; sourceTree = "<group>"; };
/* End PBXFileReference section */

/* Begin PBXFrameworksBuildPhase section */
		ABEAC220284A492F00C50FD4 /* Frameworks */ = {
			isa = PBXFrameworksBuildPhase;
			buildActionMask = 2147483647;
			files = (
				ABEAC238284A4B7700C50FD4 /* FirebaseFirestore in Frameworks */,
				ABEAC23A284A4B7700C50FD4 /* FirebaseFirestoreSwift in Frameworks */,
			);
			runOnlyForDeploymentPostprocessing = 0;
		};
/* End PBXFrameworksBuildPhase section */

/* Begin PBXGroup section */
		ABEAC21A284A492F00C50FD4 = {
			isa = PBXGroup;
			children = (
				ABEAC225284A492F00C50FD4 /* iStockery */,
				ABEAC224284A492F00C50FD4 /* Products */,
			);
			sourceTree = "<group>";
		};
		ABEAC224284A492F00C50FD4 /* Products */ = {
			isa = PBXGroup;
			children = (
				ABEAC223284A492F00C50FD4 /* iStockery.app */,
			);
			name = Products;
			sourceTree = "<group>";
		};
		ABEAC225284A492F00C50FD4 /* iStockery */ = {
			isa = PBXGroup;
			children = (
				ABEAC23B284A4EBB00C50FD4 /* Info.plist */,
				AB2BBCD2285A0C4300A50664 /* GoogleService-Info.plist */,
				ABEAC226284A492F00C50FD4 /* iStockeryApp.swift */,
				ABEAC23E284A50CD00C50FD4 /* StockItem.swift */,
				ABEAC228284A492F00C50FD4 /* ContentView.swift */,
				ABEAC242284A610F00C50FD4 /* SortType.swift */,
				ABEAC240284A5EB400C50FD4 /* StockListViewModel.swift */,
				ABEAC22A284A493000C50FD4 /* Assets.xcassets */,
				ABEAC22C284A493000C50FD4 /* Preview Content */,
			);
			path = iStockery;
			sourceTree = "<group>";
		};
		ABEAC22C284A493000C50FD4 /* Preview Content */ = {
			isa = PBXGroup;
			children = (
				ABEAC22D284A493000C50FD4 /* Preview Assets.xcassets */,
			);
			path = "Preview Content";
			sourceTree = "<group>";
		};
/* End PBXGroup section */

/* Begin PBXNativeTarget section */
		ABEAC222284A492F00C50FD4 /* iStockery */ = {
			isa = PBXNativeTarget;
			buildConfigurationList = ABEAC231284A493000C50FD4 /* Build configuration list for PBXNativeTarget "iStockery" */;
			buildPhases = (
				ABEAC21F284A492F00C50FD4 /* Sources */,
				ABEAC220284A492F00C50FD4 /* Frameworks */,
				ABEAC221284A492F00C50FD4 /* Resources */,
			);
			buildRules = (
			);
			dependencies = (
			);
			name = iStockery;
			packageProductDependencies = (
				ABEAC237284A4B7700C50FD4 /* FirebaseFirestore */,
				ABEAC239284A4B7700C50FD4 /* FirebaseFirestoreSwift */,
			);
			productName = iStockery;
			productReference = ABEAC223284A492F00C50FD4 /* iStockery.app */;
			productType = "com.apple.product-type.application";
		};
/* End PBXNativeTarget section */

/* Begin PBXProject section */
		ABEAC21B284A492F00C50FD4 /* Project object */ = {
			isa = PBXProject;
			attributes = {
				BuildIndependentTargetsInParallel = 1;
				LastSwiftUpdateCheck = 1340;
				LastUpgradeCheck = 1340;
				TargetAttributes = {
					ABEAC222284A492F00C50FD4 = {
						CreatedOnToolsVersion = 13.4;
					};
				};
			};
			buildConfigurationList = ABEAC21E284A492F00C50FD4 /* Build configuration list for PBXProject "iStockery" */;
			compatibilityVersion = "Xcode 13.0";
			developmentRegion = en;
			hasScannedForEncodings = 0;
			knownRegions = (
				en,
				Base,
			);
			mainGroup = ABEAC21A284A492F00C50FD4;
			packageReferences = (
				ABEAC236284A4B7700C50FD4 /* XCRemoteSwiftPackageReference "firebase-ios-sdk" */,
			);
			productRefGroup = ABEAC224284A492F00C50FD4 /* Products */;
			projectDirPath = "";
			projectRoot = "";
			targets = (
				ABEAC222284A492F00C50FD4 /* iStockery */,
			);
		};
/* End PBXProject section */

/* Begin PBXResourcesBuildPhase section */
		ABEAC221284A492F00C50FD4 /* Resources */ = {
			isa = PBXResourcesBuildPhase;
			buildActionMask = 2147483647;
			files = (
				ABEAC22E284A493000C50FD4 /* Preview Assets.xcassets in Resources */,
				AB2BBCD3285A0C4400A50664 /* GoogleService-Info.plist in Resources */,
				ABEAC22B284A493000C50FD4 /* Assets.xcassets in Resources */,
			);
			runOnlyForDeploymentPostprocessing = 0;
		};
/* End PBXResourcesBuildPhase section */

/* Begin PBXSourcesBuildPhase section */
		ABEAC21F284A492F00C50FD4 /* Sources */ = {
			isa = PBXSourcesBuildPhase;
			buildActionMask = 2147483647;
			files = (
				ABEAC229284A492F00C50FD4 /* ContentView.swift in Sources */,
				ABEAC227284A492F00C50FD4 /* iStockeryApp.swift in Sources */,
				ABEAC23F284A50CD00C50FD4 /* StockItem.swift in Sources */,
				ABEAC243284A610F00C50FD4 /* SortType.swift in Sources */,
				ABEAC241284A5EB400C50FD4 /* StockListViewModel.swift in Sources */,
			);
			runOnlyForDeploymentPostprocessing = 0;
		};
/* End PBXSourcesBuildPhase section */

/* Begin XCBuildConfiguration section */
		ABEAC22F284A493000C50FD4 /* Debug */ = {
			isa = XCBuildConfiguration;
			buildSettings = {
				ALWAYS_SEARCH_USER_PATHS = NO;
				CLANG_ANALYZER_NONNULL = YES;
				CLANG_ANALYZER_NUMBER_OBJECT_CONVERSION = YES_AGGRESSIVE;
				CLANG_CXX_LANGUAGE_STANDARD = "gnu++17";
				CLANG_ENABLE_MODULES = YES;
				CLANG_ENABLE_OBJC_ARC = YES;
				CLANG_ENABLE_OBJC_WEAK = YES;
				CLANG_WARN_BLOCK_CAPTURE_AUTORELEASING = YES;
				CLANG_WARN_BOOL_CONVERSION = YES;
				CLANG_WARN_COMMA = YES;
				CLANG_WARN_CONSTANT_CONVERSION = YES;
				CLANG_WARN_DEPRECATED_OBJC_IMPLEMENTATIONS = YES;
				CLANG_WARN_DIRECT_OBJC_ISA_USAGE = YES_ERROR;
				CLANG_WARN_DOCUMENTATION_COMMENTS = YES;
				CLANG_WARN_EMPTY_BODY = YES;
				CLANG_WARN_ENUM_CONVERSION = YES;
				CLANG_WARN_INFINITE_RECURSION = YES;
				CLANG_WARN_INT_CONVERSION = YES;
				CLANG_WARN_NON_LITERAL_NULL_CONVERSION = YES;
				CLANG_WARN_OBJC_IMPLICIT_RETAIN_SELF = YES;
				CLANG_WARN_OBJC_LITERAL_CONVERSION = YES;
				CLANG_WARN_OBJC_ROOT_CLASS = YES_ERROR;
				CLANG_WARN_QUOTED_INCLUDE_IN_FRAMEWORK_HEADER = YES;
				CLANG_WARN_RANGE_LOOP_ANALYSIS = YES;
				CLANG_WARN_STRICT_PROTOTYPES = YES;
				CLANG_WARN_SUSPICIOUS_MOVE = YES;
				CLANG_WARN_UNGUARDED_AVAILABILITY = YES_AGGRESSIVE;
				CLANG_WARN_UNREACHABLE_CODE = YES;
				CLANG_WARN__DUPLICATE_METHOD_MATCH = YES;
				COPY_PHASE_STRIP = NO;
				DEBUG_INFORMATION_FORMAT = dwarf;
				ENABLE_STRICT_OBJC_MSGSEND = YES;
				ENABLE_TESTABILITY = YES;
				GCC_C_LANGUAGE_STANDARD = gnu11;
				GCC_DYNAMIC_NO_PIC = NO;
				GCC_NO_COMMON_BLOCKS = YES;
				GCC_OPTIMIZATION_LEVEL = 0;
				GCC_PREPROCESSOR_DEFINITIONS = (
					"DEBUG=1",
					"$(inherited)",
				);
				GCC_WARN_64_TO_32_BIT_CONVERSION = YES;
				GCC_WARN_ABOUT_RETURN_TYPE = YES_ERROR;
				GCC_WARN_UNDECLARED_SELECTOR = YES;
				GCC_WARN_UNINITIALIZED_AUTOS = YES_AGGRESSIVE;
				GCC_WARN_UNUSED_FUNCTION = YES;
				GCC_WARN_UNUSED_VARIABLE = YES;
				IPHONEOS_DEPLOYMENT_TARGET = 15.5;
				MTL_ENABLE_DEBUG_INFO = INCLUDE_SOURCE;
				MTL_FAST_MATH = YES;
				ONLY_ACTIVE_ARCH = YES;
				SDKROOT = iphoneos;
				SWIFT_ACTIVE_COMPILATION_CONDITIONS = DEBUG;
				SWIFT_OPTIMIZATION_LEVEL = "-Onone";
			};
			name = Debug;
		};
		ABEAC230284A493000C50FD4 /* Release */ = {
			isa = XCBuildConfiguration;
			buildSettings = {
				ALWAYS_SEARCH_USER_PATHS = NO;
				CLANG_ANALYZER_NONNULL = YES;
				CLANG_ANALYZER_NUMBER_OBJECT_CONVERSION = YES_AGGRESSIVE;
				CLANG_CXX_LANGUAGE_STANDARD = "gnu++17";
				CLANG_ENABLE_MODULES = YES;
				CLANG_ENABLE_OBJC_ARC = YES;
				CLANG_ENABLE_OBJC_WEAK = YES;
				CLANG_WARN_BLOCK_CAPTURE_AUTORELEASING = YES;
				CLANG_WARN_BOOL_CONVERSION = YES;
				CLANG_WARN_COMMA = YES;
				CLANG_WARN_CONSTANT_CONVERSION = YES;
				CLANG_WARN_DEPRECATED_OBJC_IMPLEMENTATIONS = YES;
				CLANG_WARN_DIRECT_OBJC_ISA_USAGE = YES_ERROR;
				CLANG_WARN_DOCUMENTATION_COMMENTS = YES;
				CLANG_WARN_EMPTY_BODY = YES;
				CLANG_WARN_ENUM_CONVERSION = YES;
				CLANG_WARN_INFINITE_RECURSION = YES;
				CLANG_WARN_INT_CONVERSION = YES;
				CLANG_WARN_NON_LITERAL_NULL_CONVERSION = YES;
				CLANG_WARN_OBJC_IMPLICIT_RETAIN_SELF = YES;
				CLANG_WARN_OBJC_LITERAL_CONVERSION = YES;
				CLANG_WARN_OBJC_ROOT_CLASS = YES_ERROR;
				CLANG_WARN_QUOTED_INCLUDE_IN_FRAMEWORK_HEADER = YES;
				CLANG_WARN_RANGE_LOOP_ANALYSIS = YES;
				CLANG_WARN_STRICT_PROTOTYPES = YES;
				CLANG_WARN_SUSPICIOUS_MOVE = YES;
				CLANG_WARN_UNGUARDED_AVAILABILITY = YES_AGGRESSIVE;
				CLANG_WARN_UNREACHABLE_CODE = YES;
				CLANG_WARN__DUPLICATE_METHOD_MATCH = YES;
				COPY_PHASE_STRIP = NO;
				DEBUG_INFORMATION_FORMAT = "dwarf-with-dsym";
				ENABLE_NS_ASSERTIONS = NO;
				ENABLE_STRICT_OBJC_MSGSEND = YES;
				GCC_C_LANGUAGE_STANDARD = gnu11;
				GCC_NO_COMMON_BLOCKS = YES;
				GCC_WARN_64_TO_32_BIT_CONVERSION = YES;
				GCC_WARN_ABOUT_RETURN_TYPE = YES_ERROR;
				GCC_WARN_UNDECLARED_SELECTOR = YES;
				GCC_WARN_UNINITIALIZED_AUTOS = YES_AGGRESSIVE;
				GCC_WARN_UNUSED_FUNCTION = YES;
				GCC_WARN_UNUSED_VARIABLE = YES;
				IPHONEOS_DEPLOYMENT_TARGET = 15.5;
				MTL_ENABLE_DEBUG_INFO = NO;
				MTL_FAST_MATH = YES;
				SDKROOT = iphoneos;
				SWIFT_COMPILATION_MODE = wholemodule;
				SWIFT_OPTIMIZATION_LEVEL = "-O";
				VALIDATE_PRODUCT = YES;
			};
			name = Release;
		};
		ABEAC232284A493000C50FD4 /* Debug */ = {
			isa = XCBuildConfiguration;
			buildSettings = {
				ASSETCATALOG_COMPILER_APPICON_NAME = AppIcon;
				ASSETCATALOG_COMPILER_GLOBAL_ACCENT_COLOR_NAME = AccentColor;
				CODE_SIGN_STYLE = Automatic;
				CURRENT_PROJECT_VERSION = 1;
				DEVELOPMENT_ASSET_PATHS = "\"iStockery/Preview Content\"";
				DEVELOPMENT_TEAM = BZ9S44ZL2V;
				ENABLE_PREVIEWS = YES;
				GENERATE_INFOPLIST_FILE = YES;
				INFOPLIST_FILE = iStockery/Info.plist;
				INFOPLIST_KEY_UIApplicationSceneManifest_Generation = YES;
				INFOPLIST_KEY_UIApplicationSupportsIndirectInputEvents = YES;
				INFOPLIST_KEY_UILaunchScreen_Generation = YES;
				INFOPLIST_KEY_UISupportedInterfaceOrientations_iPad = "UIInterfaceOrientationPortrait UIInterfaceOrientationPortraitUpsideDown UIInterfaceOrientationLandscapeLeft UIInterfaceOrientationLandscapeRight";
				INFOPLIST_KEY_UISupportedInterfaceOrientations_iPhone = "UIInterfaceOrientationPortrait UIInterfaceOrientationLandscapeLeft UIInterfaceOrientationLandscapeRight";
				LD_RUNPATH_SEARCH_PATHS = (
					"$(inherited)",
					"@executable_path/Frameworks",
				);
				MARKETING_VERSION = 1.0;
				PRODUCT_BUNDLE_IDENTIFIER = com.deka.iStockery;
				PRODUCT_NAME = "$(TARGET_NAME)";
				SWIFT_EMIT_LOC_STRINGS = YES;
				SWIFT_VERSION = 5.0;
				TARGETED_DEVICE_FAMILY = "1,2";
			};
			name = Debug;
		};
		ABEAC233284A493000C50FD4 /* Release */ = {
			isa = XCBuildConfiguration;
			buildSettings = {
				ASSETCATALOG_COMPILER_APPICON_NAME = AppIcon;
				ASSETCATALOG_COMPILER_GLOBAL_ACCENT_COLOR_NAME = AccentColor;
				CODE_SIGN_STYLE = Automatic;
				CURRENT_PROJECT_VERSION = 1;
				DEVELOPMENT_ASSET_PATHS = "\"iStockery/Preview Content\"";
				DEVELOPMENT_TEAM = BZ9S44ZL2V;
				ENABLE_PREVIEWS = YES;
				GENERATE_INFOPLIST_FILE = YES;
				INFOPLIST_FILE = iStockery/Info.plist;
				INFOPLIST_KEY_UIApplicationSceneManifest_Generation = YES;
				INFOPLIST_KEY_UIApplicationSupportsIndirectInputEvents = YES;
				INFOPLIST_KEY_UILaunchScreen_Generation = YES;
				INFOPLIST_KEY_UISupportedInterfaceOrientations_iPad = "UIInterfaceOrientationPortrait UIInterfaceOrientationPortraitUpsideDown UIInterfaceOrientationLandscapeLeft UIInterfaceOrientationLandscapeRight";
				INFOPLIST_KEY_UISupportedInterfaceOrientations_iPhone = "UIInterfaceOrientationPortrait UIInterfaceOrientationLandscapeLeft UIInterfaceOrientationLandscapeRight";
				LD_RUNPATH_SEARCH_PATHS = (
					"$(inherited)",
					"@executable_path/Frameworks",
				);
				MARKETING_VERSION = 1.0;
				PRODUCT_BUNDLE_IDENTIFIER = com.deka.iStockery;
				PRODUCT_NAME = "$(TARGET_NAME)";
				SWIFT_EMIT_LOC_STRINGS = YES;
				SWIFT_VERSION = 5.0;
				TARGETED_DEVICE_FAMILY = "1,2";
			};
			name = Release;
		};
/* End XCBuildConfiguration section */

/* Begin XCConfigurationList section */
		ABEAC21E284A492F00C50FD4 /* Build configuration list for PBXProject "iStockery" */ = {
			isa = XCConfigurationList;
			buildConfigurations = (
				ABEAC22F284A493000C50FD4 /* Debug */,
				ABEAC230284A493000C50FD4 /* Release */,
			);
			defaultConfigurationIsVisible = 0;
			defaultConfigurationName = Release;
		};
		ABEAC231284A493000C50FD4 /* Build configuration list for PBXNativeTarget "iStockery" */ = {
			isa = XCConfigurationList;
			buildConfigurations = (
				ABEAC232284A493000C50FD4 /* Debug */,
				ABEAC233284A493000C50FD4 /* Release */,
			);
			defaultConfigurationIsVisible = 0;
			defaultConfigurationName = Release;
		};
/* End XCConfigurationList section */

/* Begin XCRemoteSwiftPackageReference section */
		ABEAC236284A4B7700C50FD4 /* XCRemoteSwiftPackageReference "firebase-ios-sdk" */ = {
			isa = XCRemoteSwiftPackageReference;
			repositoryURL = "https://github.com/firebase/firebase-ios-sdk";
			requirement = {
				branch = master;
				kind = branch;
			};
		};
/* End XCRemoteSwiftPackageReference section */

/* Begin XCSwiftPackageProductDependency section */
		ABEAC237284A4B7700C50FD4 /* FirebaseFirestore */ = {
			isa = XCSwiftPackageProductDependency;
			package = ABEAC236284A4B7700C50FD4 /* XCRemoteSwiftPackageReference "firebase-ios-sdk" */;
			productName = FirebaseFirestore;
		};
		ABEAC239284A4B7700C50FD4 /* FirebaseFirestoreSwift */ = {
			isa = XCSwiftPackageProductDependency;
			package = ABEAC236284A4B7700C50FD4 /* XCRemoteSwiftPackageReference "firebase-ios-sdk" */;
			productName = FirebaseFirestoreSwift;
		};
/* End XCSwiftPackageProductDependency section */
	};
	rootObject = ABEAC21B284A492F00C50FD4 /* Project object */;
}
